<Solution>
  <Project Path="JoyReactor.Accordion.Logic/JoyReactor.Accordion.Logic.csproj" />
  <Project Path="JoyReactor.Accordion.Tests/JoyReactor.Accordion.Tests.csproj" Id="00cefca0-7abb-4f2a-8efb-4d1cc554c51f" />
  <Project Path="JoyReactor.Accordion.Workers/JoyReactor.Accordion.Workers.csproj" />
</Solution>
